
Microsoft Visual Studio Solution File, Format Version 12.00
# Visual Studio Version 16
VisualStudioVersion = 25.0.1706.4
MinimumVisualStudioVersion = 10.0.40219.1
Project("{FAE04EC0-301F-11D3-BF4B-00C04F79EFBC}") = "Receipt Processor", "Receipt Processor\Receipt Processor.csproj", "{397F8383-8C70-44B3-B8F6-EA51BDDA4CA2}"
EndProject
Global
	GlobalSection(SolutionConfigurationPlatforms) = preSolution
		Debug|Any CPU = Debug|Any CPU
		Release|Any CPU = Release|Any CPU
	EndGlobalSection
	GlobalSection(ProjectConfigurationPlatforms) = postSolution
		{397F8383-8C70-44B3-B8F6-EA51BDDA4CA2}.Debug|Any CPU.ActiveCfg = Debug|Any CPU
		{397F8383-8C70-44B3-B8F6-EA51BDDA4CA2}.Debug|Any CPU.Build.0 = Debug|Any CPU
		{397F8383-8C70-44B3-B8F6-EA51BDDA4CA2}.Release|Any CPU.ActiveCfg = Release|Any CPU
		{397F8383-8C70-44B3-B8F6-EA51BDDA4CA2}.Release|Any CPU.Build.0 = Release|Any CPU
	EndGlobalSection
	GlobalSection(SolutionProperties) = preSolution
		HideSolutionNode = FALSE
	EndGlobalSection
	GlobalSection(ExtensibilityGlobals) = postSolution
		SolutionGuid = {C4728F69-0073-4B11-9FA7-05F4F4D5B62D}
	EndGlobalSection
EndGlobal
